
Microsoft Visual Studio Solution File, Format Version 12.00
Project("{FAE04EC0-301F-11D3-BF4B-00C04F79EFBC}") = "group_9_assignment7", "group_9_assignment7.csproj", "{AD769A6C-D715-45F5-A455-1B440AA61D91}"
EndProject
Global
	GlobalSection(SolutionConfigurationPlatforms) = preSolution
		Debug|Any CPU = Debug|Any CPU
		Release|Any CPU = Release|Any CPU
	EndGlobalSection
	GlobalSection(ProjectConfigurationPlatforms) = postSolution
		{AD769A6C-D715-45F5-A455-1B440AA61D91}.Debug|Any CPU.ActiveCfg = Debug|Any CPU
		{AD769A6C-D715-45F5-A455-1B440AA61D91}.Debug|Any CPU.Build.0 = Debug|Any CPU
		{AD769A6C-D715-45F5-A455-1B440AA61D91}.Release|Any CPU.ActiveCfg = Release|Any CPU
		{AD769A6C-D715-45F5-A455-1B440AA61D91}.Release|Any CPU.Build.0 = Release|Any CPU
	EndGlobalSection
EndGlobal
